{
    "_meta": {
        "hash": {
            "sha256": "0fa7a16b2b3e414f920108fbb23070f5cbc3b13a411ccdf6045d5bd8896b0eb3"
        },
        "pipfile-spec": 6,
        "requires": {
            "python_version": "3.6"
        },
        "sources": [
            {
                "name": "pypi",
                "url": "https://pypi.org/simple",
                "verify_ssl": true
            }
        ]
    },
    "default": {
        "attrs": {
            "hashes": [
                "sha256:10cbf6e27dbce8c30807caf056c8eb50917e0eaafe86347671b57254006c3e69",
                "sha256:ca4be454458f9dec299268d472aaa5a11f67a4ff70093396e1ceae9c76cf4bbb"
            ],
            "index": "pypi",
            "version": "==18.2.0"
        },
        "parsley": {
            "hashes": [
                "sha256:9444278d47161d5f2be76a767809a3cbe6db4db822f46a4fd7481d4057208d41",
                "sha256:c3bc417b8c7e3a96c87c0f2f751bfd784ed5156ffccebe2f84330df5685f8dc3"
            ],
            "index": "pypi",
            "version": "==1.3"
        }
    },
    "develop": {}
}
